// !$*UTF8*$!
{
	archiveVersion = 1;
	classes = {
	};
	objectVersion = 46;
	objects = {

/* Begin PBXBuildFile section */
		40A85EF925A64C3100DA10CC /* alert-sound-3.caf in Resources */ = {isa = PBXBuildFile; fileRef = 40A85EF725A64C3100DA10CC /* alert-sound-3.caf */; };
		40A85EFA25A64C3100DA10CC /* alert-sound-2.caf in Resources */ = {isa = PBXBuildFile; fileRef = 40A85EF825A64C3100DA10CC /* alert-sound-2.caf */; };
		41A37D0724426E360078EA40 /* Credits.rtf in Resources */ = {isa = PBXBuildFile; fileRef = 41A37D0624426E360078EA40 /* Credits.rtf */; };
		41B080C62114CE2700EEE7E8 /* Keycodes.swift in Sources */ = {isa = PBXBuildFile; fileRef = 41B080C52114CE2700EEE7E8 /* Keycodes.swift */; };
		4C30BBFC1CA7C56500C45EBF /* AppDelegate.swift in Sources */ = {isa = PBXBuildFile; fileRef = 4C30BBFB1CA7C56500C45EBF /* AppDelegate.swift */; };
		4C30BBFE1CA7C56500C45EBF /* Assets.xcassets in Resources */ = {isa = PBXBuildFile; fileRef = 4C30BBFD1CA7C56500C45EBF /* Assets.xcassets */; };
		4C30BC091CA7C81C00C45EBF /* MVWindow.swift in Sources */ = {isa = PBXBuildFile; fileRef = 4C30BC081CA7C81C00C45EBF /* MVWindow.swift */; };
		4C30BC0B1CA7C96700C45EBF /* MVMainView.swift in Sources */ = {isa = PBXBuildFile; fileRef = 4C30BC0A1CA7C96700C45EBF /* MVMainView.swift */; };
		4C30BC101CA7CFBB00C45EBF /* MVTitlebarAccessoryViewController.swift in Sources */ = {isa = PBXBuildFile; fileRef = 4C30BC0E1CA7CFBB00C45EBF /* MVTitlebarAccessoryViewController.swift */; };
		4C30BC141CA7D73C00C45EBF /* MainMenu.xib in Resources */ = {isa = PBXBuildFile; fileRef = 4C30BC121CA7D73C00C45EBF /* MainMenu.xib */; };
		4C30BC161CA7D94500C45EBF /* MVClockView.swift in Sources */ = {isa = PBXBuildFile; fileRef = 4C30BC151CA7D94500C45EBF /* MVClockView.swift */; };
		4C6F0F211CAA3D8600E9A6F7 /* MVLabel.swift in Sources */ = {isa = PBXBuildFile; fileRef = 4C6F0F201CAA3D8600E9A6F7 /* MVLabel.swift */; };
		4C6F0F2A1CAA79EB00E9A6F7 /* alert-sound.caf in Resources */ = {isa = PBXBuildFile; fileRef = 4C6F0F291CAA79EB00E9A6F7 /* alert-sound.caf */; };
		4C6F0F2C1CACF4B500E9A6F7 /* MVTimerController.swift in Sources */ = {isa = PBXBuildFile; fileRef = 4C6F0F2B1CACF4B500E9A6F7 /* MVTimerController.swift */; };
		723C0C581E12211000E7AE1E /* MVUserDefaultsKeys.swift in Sources */ = {isa = PBXBuildFile; fileRef = 723C0C571E12211000E7AE1E /* MVUserDefaultsKeys.swift */; };
/* End PBXBuildFile section */

/* Begin PBXFileReference section */
		40A85EF725A64C3100DA10CC /* alert-sound-3.caf */ = {isa = PBXFileReference; lastKnownFileType = file; path = "alert-sound-3.caf"; sourceTree = "<group>"; };
		40A85EF825A64C3100DA10CC /* alert-sound-2.caf */ = {isa = PBXFileReference; lastKnownFileType = file; path = "alert-sound-2.caf"; sourceTree = "<group>"; };
		41A37D0624426E360078EA40 /* Credits.rtf */ = {isa = PBXFileReference; lastKnownFileType = text.rtf; path = Credits.rtf; sourceTree = "<group>"; };
		41B080C52114CE2700EEE7E8 /* Keycodes.swift */ = {isa = PBXFileReference; lastKnownFileType = sourcecode.swift; path = Keycodes.swift; sourceTree = "<group>"; };
		4C30BBF81CA7C56500C45EBF /* Timer.app */ = {isa = PBXFileReference; explicitFileType = wrapper.application; includeInIndex = 0; path = Timer.app; sourceTree = BUILT_PRODUCTS_DIR; };
		4C30BBFB1CA7C56500C45EBF /* AppDelegate.swift */ = {isa = PBXFileReference; lastKnownFileType = sourcecode.swift; path = AppDelegate.swift; sourceTree = "<group>"; };
		4C30BBFD1CA7C56500C45EBF /* Assets.xcassets */ = {isa = PBXFileReference; lastKnownFileType = folder.assetcatalog; path = Assets.xcassets; sourceTree = "<group>"; };
		4C30BC021CA7C56500C45EBF /* Info.plist */ = {isa = PBXFileReference; lastKnownFileType = text.plist.xml; path = Info.plist; sourceTree = "<group>"; };
		4C30BC081CA7C81C00C45EBF /* MVWindow.swift */ = {isa = PBXFileReference; fileEncoding = 4; lastKnownFileType = sourcecode.swift; path = MVWindow.swift; sourceTree = "<group>"; };
		4C30BC0A1CA7C96700C45EBF /* MVMainView.swift */ = {isa = PBXFileReference; fileEncoding = 4; lastKnownFileType = sourcecode.swift; path = MVMainView.swift; sourceTree = "<group>"; };
		4C30BC0E1CA7CFBB00C45EBF /* MVTitlebarAccessoryViewController.swift */ = {isa = PBXFileReference; fileEncoding = 4; lastKnownFileType = sourcecode.swift; path = MVTitlebarAccessoryViewController.swift; sourceTree = "<group>"; };
		4C30BC131CA7D73C00C45EBF /* Base */ = {isa = PBXFileReference; lastKnownFileType = file.xib; name = Base; path = Base.lproj/MainMenu.xib; sourceTree = "<group>"; };
		4C30BC151CA7D94500C45EBF /* MVClockView.swift */ = {isa = PBXFileReference; fileEncoding = 4; lastKnownFileType = sourcecode.swift; path = MVClockView.swift; sourceTree = "<group>"; };
		4C6F0F201CAA3D8600E9A6F7 /* MVLabel.swift */ = {isa = PBXFileReference; fileEncoding = 4; lastKnownFileType = sourcecode.swift; path = MVLabel.swift; sourceTree = "<group>"; };
		4C6F0F291CAA79EB00E9A6F7 /* alert-sound.caf */ = {isa = PBXFileReference; lastKnownFileType = file; path = "alert-sound.caf"; sourceTree = "<group>"; };
		4C6F0F2B1CACF4B500E9A6F7 /* MVTimerController.swift */ = {isa = PBXFileReference; fileEncoding = 4; lastKnownFileType = sourcecode.swift; path = MVTimerController.swift; sourceTree = "<group>"; };
		723C0C571E12211000E7AE1E /* MVUserDefaultsKeys.swift */ = {isa = PBXFileReference; fileEncoding = 4; lastKnownFileType = sourcecode.swift; path = MVUserDefaultsKeys.swift; sourceTree = "<group>"; };
/* End PBXFileReference section */

/* Begin PBXFrameworksBuildPhase section */
		4C30BBF51CA7C56500C45EBF /* Frameworks */ = {
			isa = PBXFrameworksBuildPhase;
			buildActionMask = 2147483647;
			files = (
			);
			runOnlyForDeploymentPostprocessing = 0;
		};
/* End PBXFrameworksBuildPhase section */

/* Begin PBXGroup section */
		4C30BBEF1CA7C56500C45EBF = {
			isa = PBXGroup;
			children = (
				4C30BBFA1CA7C56500C45EBF /* Timer */,
				4C30BBF91CA7C56500C45EBF /* Products */,
			);
			sourceTree = "<group>";
		};
		4C30BBF91CA7C56500C45EBF /* Products */ = {
			isa = PBXGroup;
			children = (
				4C30BBF81CA7C56500C45EBF /* Timer.app */,
			);
			name = Products;
			sourceTree = "<group>";
		};
		4C30BBFA1CA7C56500C45EBF /* Timer */ = {
			isa = PBXGroup;
			children = (
				4C30BBFB1CA7C56500C45EBF /* AppDelegate.swift */,
				4C6F0F2B1CACF4B500E9A6F7 /* MVTimerController.swift */,
				4C30BC081CA7C81C00C45EBF /* MVWindow.swift */,
				4C30BC0A1CA7C96700C45EBF /* MVMainView.swift */,
				4C30BC0E1CA7CFBB00C45EBF /* MVTitlebarAccessoryViewController.swift */,
				4C30BC151CA7D94500C45EBF /* MVClockView.swift */,
				4C6F0F201CAA3D8600E9A6F7 /* MVLabel.swift */,
				723C0C571E12211000E7AE1E /* MVUserDefaultsKeys.swift */,
				4C30BBFD1CA7C56500C45EBF /* Assets.xcassets */,
				4C30BC021CA7C56500C45EBF /* Info.plist */,
				41A37D0624426E360078EA40 /* Credits.rtf */,
				4C30BC121CA7D73C00C45EBF /* MainMenu.xib */,
				4C6F0F291CAA79EB00E9A6F7 /* alert-sound.caf */,
				40A85EF825A64C3100DA10CC /* alert-sound-2.caf */,
				40A85EF725A64C3100DA10CC /* alert-sound-3.caf */,
				41B080C52114CE2700EEE7E8 /* Keycodes.swift */,
			);
			path = Timer;
			sourceTree = "<group>";
		};
/* End PBXGroup section */

/* Begin PBXNativeTarget section */
		4C30BBF71CA7C56500C45EBF /* Timer */ = {
			isa = PBXNativeTarget;
			buildConfigurationList = 4C30BC051CA7C56500C45EBF /* Build configuration list for PBXNativeTarget "Timer" */;
			buildPhases = (
				4C30BBF41CA7C56500C45EBF /* Sources */,
				4C30BBF51CA7C56500C45EBF /* Frameworks */,
				4C30BBF61CA7C56500C45EBF /* Resources */,
			);
			buildRules = (
			);
			dependencies = (
			);
			name = Timer;
			productName = Timer;
			productReference = 4C30BBF81CA7C56500C45EBF /* Timer.app */;
			productType = "com.apple.product-type.application";
		};
/* End PBXNativeTarget section */

/* Begin PBXProject section */
		4C30BBF01CA7C56500C45EBF /* Project object */ = {
			isa = PBXProject;
			attributes = {
				LastSwiftUpdateCheck = 0730;
				LastUpgradeCheck = 0940;
				ORGANIZATIONNAME = "Michael Villar";
				TargetAttributes = {
					4C30BBF71CA7C56500C45EBF = {
						CreatedOnToolsVersion = 7.3;
						LastSwiftMigration = 1140;
					};
				};
			};
			buildConfigurationList = 4C30BBF31CA7C56500C45EBF /* Build configuration list for PBXProject "Timer" */;
			compatibilityVersion = "Xcode 3.2";
			developmentRegion = English;
			hasScannedForEncodings = 0;
			knownRegions = (
				English,
				en,
				Base,
			);
			mainGroup = 4C30BBEF1CA7C56500C45EBF;
			productRefGroup = 4C30BBF91CA7C56500C45EBF /* Products */;
			projectDirPath = "";
			projectRoot = "";
			targets = (
				4C30BBF71CA7C56500C45EBF /* Timer */,
			);
		};
/* End PBXProject section */

/* Begin PBXResourcesBuildPhase section */
		4C30BBF61CA7C56500C45EBF /* Resources */ = {
			isa = PBXResourcesBuildPhase;
			buildActionMask = 2147483647;
			files = (
				4C30BBFE1CA7C56500C45EBF /* Assets.xcassets in Resources */,
				4C6F0F2A1CAA79EB00E9A6F7 /* alert-sound.caf in Resources */,
				4C30BC141CA7D73C00C45EBF /* MainMenu.xib in Resources */,
				40A85EF925A64C3100DA10CC /* alert-sound-3.caf in Resources */,
				40A85EFA25A64C3100DA10CC /* alert-sound-2.caf in Resources */,
				41A37D0724426E360078EA40 /* Credits.rtf in Resources */,
			);
			runOnlyForDeploymentPostprocessing = 0;
		};
/* End PBXResourcesBuildPhase section */

/* Begin PBXSourcesBuildPhase section */
		4C30BBF41CA7C56500C45EBF /* Sources */ = {
			isa = PBXSourcesBuildPhase;
			buildActionMask = 2147483647;
			files = (
				4C30BC0B1CA7C96700C45EBF /* MVMainView.swift in Sources */,
				723C0C581E12211000E7AE1E /* MVUserDefaultsKeys.swift in Sources */,
				4C6F0F211CAA3D8600E9A6F7 /* MVLabel.swift in Sources */,
				4C6F0F2C1CACF4B500E9A6F7 /* MVTimerController.swift in Sources */,
				4C30BC091CA7C81C00C45EBF /* MVWindow.swift in Sources */,
				41B080C62114CE2700EEE7E8 /* Keycodes.swift in Sources */,
				4C30BBFC1CA7C56500C45EBF /* AppDelegate.swift in Sources */,
				4C30BC161CA7D94500C45EBF /* MVClockView.swift in Sources */,
				4C30BC101CA7CFBB00C45EBF /* MVTitlebarAccessoryViewController.swift in Sources */,
			);
			runOnlyForDeploymentPostprocessing = 0;
		};
/* End PBXSourcesBuildPhase section */

/* Begin PBXVariantGroup section */
		4C30BC121CA7D73C00C45EBF /* MainMenu.xib */ = {
			isa = PBXVariantGroup;
			children = (
				4C30BC131CA7D73C00C45EBF /* Base */,
			);
			name = MainMenu.xib;
			sourceTree = "<group>";
		};
/* End PBXVariantGroup section */

/* Begin XCBuildConfiguration section */
		4C30BC031CA7C56500C45EBF /* Debug */ = {
			isa = XCBuildConfiguration;
			buildSettings = {
				ALWAYS_SEARCH_USER_PATHS = NO;
				CLANG_ANALYZER_NONNULL = YES;
				CLANG_CXX_LANGUAGE_STANDARD = "gnu++0x";
				CLANG_CXX_LIBRARY = "libc++";
				CLANG_ENABLE_MODULES = YES;
				CLANG_ENABLE_OBJC_ARC = YES;
				CLANG_WARN_BLOCK_CAPTURE_AUTORELEASING = YES;
				CLANG_WARN_BOOL_CONVERSION = YES;
				CLANG_WARN_COMMA = YES;
				CLANG_WARN_CONSTANT_CONVERSION = YES;
				CLANG_WARN_DEPRECATED_OBJC_IMPLEMENTATIONS = YES;
				CLANG_WARN_DIRECT_OBJC_ISA_USAGE = YES_ERROR;
				CLANG_WARN_EMPTY_BODY = YES;
				CLANG_WARN_ENUM_CONVERSION = YES;
				CLANG_WARN_INFINITE_RECURSION = YES;
				CLANG_WARN_INT_CONVERSION = YES;
				CLANG_WARN_NON_LITERAL_NULL_CONVERSION = YES;
				CLANG_WARN_OBJC_IMPLICIT_RETAIN_SELF = YES;
				CLANG_WARN_OBJC_LITERAL_CONVERSION = YES;
				CLANG_WARN_OBJC_ROOT_CLASS = YES_ERROR;
				CLANG_WARN_RANGE_LOOP_ANALYSIS = YES;
				CLANG_WARN_STRICT_PROTOTYPES = YES;
				CLANG_WARN_SUSPICIOUS_MOVE = YES;
				CLANG_WARN_UNREACHABLE_CODE = YES;
				CLANG_WARN__DUPLICATE_METHOD_MATCH = YES;
				CODE_SIGN_IDENTITY = "-";
				COPY_PHASE_STRIP = NO;
				DEBUG_INFORMATION_FORMAT = dwarf;
				ENABLE_STRICT_OBJC_MSGSEND = YES;
				ENABLE_TESTABILITY = YES;
				GCC_C_LANGUAGE_STANDARD = gnu99;
				GCC_DYNAMIC_NO_PIC = NO;
				GCC_NO_COMMON_BLOCKS = YES;
				GCC_OPTIMIZATION_LEVEL = 0;
				GCC_PREPROCESSOR_DEFINITIONS = (
					"DEBUG=1",
					"$(inherited)",
				);
				GCC_WARN_64_TO_32_BIT_CONVERSION = YES;
				GCC_WARN_ABOUT_RETURN_TYPE = YES_ERROR;
				GCC_WARN_UNDECLARED_SELECTOR = YES;
				GCC_WARN_UNINITIALIZED_AUTOS = YES_AGGRESSIVE;
				GCC_WARN_UNUSED_FUNCTION = YES;
				GCC_WARN_UNUSED_VARIABLE = YES;
				MACOSX_DEPLOYMENT_TARGET = 10.11;
				MTL_ENABLE_DEBUG_INFO = YES;
				ONLY_ACTIVE_ARCH = YES;
				SDKROOT = macosx;
				SWIFT_OPTIMIZATION_LEVEL = "-Onone";
			};
			name = Debug;
		};
		4C30BC041CA7C56500C45EBF /* Release */ = {
			isa = XCBuildConfiguration;
			buildSettings = {
				ALWAYS_SEARCH_USER_PATHS = NO;
				CLANG_ANALYZER_NONNULL = YES;
				CLANG_CXX_LANGUAGE_STANDARD = "gnu++0x";
				CLANG_CXX_LIBRARY = "libc++";
				CLANG_ENABLE_MODULES = YES;
				CLANG_ENABLE_OBJC_ARC = YES;
				CLANG_WARN_BLOCK_CAPTURE_AUTORELEASING = YES;
				CLANG_WARN_BOOL_CONVERSION = YES;
				CLANG_WARN_COMMA = YES;
				CLANG_WARN_CONSTANT_CONVERSION = YES;
				CLANG_WARN_DEPRECATED_OBJC_IMPLEMENTATIONS = YES;
				CLANG_WARN_DIRECT_OBJC_ISA_USAGE = YES_ERROR;
				CLANG_WARN_EMPTY_BODY = YES;
				CLANG_WARN_ENUM_CONVERSION = YES;
				CLANG_WARN_INFINITE_RECURSION = YES;
				CLANG_WARN_INT_CONVERSION = YES;
				CLANG_WARN_NON_LITERAL_NULL_CONVERSION = YES;
				CLANG_WARN_OBJC_IMPLICIT_RETAIN_SELF = YES;
				CLANG_WARN_OBJC_LITERAL_CONVERSION = YES;
				CLANG_WARN_OBJC_ROOT_CLASS = YES_ERROR;
				CLANG_WARN_RANGE_LOOP_ANALYSIS = YES;
				CLANG_WARN_STRICT_PROTOTYPES = YES;
				CLANG_WARN_SUSPICIOUS_MOVE = YES;
				CLANG_WARN_UNREACHABLE_CODE = YES;
				CLANG_WARN__DUPLICATE_METHOD_MATCH = YES;
				CODE_SIGN_IDENTITY = "-";
				COPY_PHASE_STRIP = NO;
				DEBUG_INFORMATION_FORMAT = "dwarf-with-dsym";
				ENABLE_NS_ASSERTIONS = NO;
				ENABLE_STRICT_OBJC_MSGSEND = YES;
				GCC_C_LANGUAGE_STANDARD = gnu99;
				GCC_NO_COMMON_BLOCKS = YES;
				GCC_WARN_64_TO_32_BIT_CONVERSION = YES;
				GCC_WARN_ABOUT_RETURN_TYPE = YES_ERROR;
				GCC_WARN_UNDECLARED_SELECTOR = YES;
				GCC_WARN_UNINITIALIZED_AUTOS = YES_AGGRESSIVE;
				GCC_WARN_UNUSED_FUNCTION = YES;
				GCC_WARN_UNUSED_VARIABLE = YES;
				MACOSX_DEPLOYMENT_TARGET = 10.11;
				MTL_ENABLE_DEBUG_INFO = NO;
				SDKROOT = macosx;
				SWIFT_COMPILATION_MODE = wholemodule;
			};
			name = Release;
		};
		4C30BC061CA7C56500C45EBF /* Debug */ = {
			isa = XCBuildConfiguration;
			buildSettings = {
				ASSETCATALOG_COMPILER_APPICON_NAME = AppIcon;
				CODE_SIGN_IDENTITY = "Mac Developer";
				"CODE_SIGN_IDENTITY[sdk=macosx*]" = "Mac Developer";
				COMBINE_HIDPI_IMAGES = YES;
				INFOPLIST_FILE = Timer/Info.plist;
				LD_RUNPATH_SEARCH_PATHS = "$(inherited) @executable_path/../Frameworks";
				MACOSX_DEPLOYMENT_TARGET = 10.11;
				MARKETING_VERSION = 1.6.0;
				PRODUCT_BUNDLE_IDENTIFIER = com.michaelvillar.Timer;
				PRODUCT_NAME = "$(TARGET_NAME)";
				PROVISIONING_PROFILE = "";
				SWIFT_VERSION = 5.0;
			};
			name = Debug;
		};
		4C30BC071CA7C56500C45EBF /* Release */ = {
			isa = XCBuildConfiguration;
			buildSettings = {
				ASSETCATALOG_COMPILER_APPICON_NAME = AppIcon;
				CODE_SIGN_IDENTITY = "Mac Developer";
				"CODE_SIGN_IDENTITY[sdk=macosx*]" = "Mac Developer";
				COMBINE_HIDPI_IMAGES = YES;
				INFOPLIST_FILE = Timer/Info.plist;
				LD_RUNPATH_SEARCH_PATHS = "$(inherited) @executable_path/../Frameworks";
				MACOSX_DEPLOYMENT_TARGET = 10.11;
				MARKETING_VERSION = 1.6.0;
				PRODUCT_BUNDLE_IDENTIFIER = com.michaelvillar.Timer;
				PRODUCT_NAME = "$(TARGET_NAME)";
				PROVISIONING_PROFILE = "";
				SWIFT_VERSION = 5.0;
			};
			name = Release;
		};
/* End XCBuildConfiguration section */

/* Begin XCConfigurationList section */
		4C30BBF31CA7C56500C45EBF /* Build configuration list for PBXProject "Timer" */ = {
			isa = XCConfigurationList;
			buildConfigurations = (
				4C30BC031CA7C56500C45EBF /* Debug */,
				4C30BC041CA7C56500C45EBF /* Release */,
			);
			defaultConfigurationIsVisible = 0;
			defaultConfigurationName = Release;
		};
		4C30BC051CA7C56500C45EBF /* Build configuration list for PBXNativeTarget "Timer" */ = {
			isa = XCConfigurationList;
			buildConfigurations = (
				4C30BC061CA7C56500C45EBF /* Debug */,
				4C30BC071CA7C56500C45EBF /* Release */,
			);
			defaultConfigurationIsVisible = 0;
			defaultConfigurationName = Release;
		};
/* End XCConfigurationList section */
	};
	rootObject = 4C30BBF01CA7C56500C45EBF /* Project object */;
}
